// !$*UTF8*$!
{
	archiveVersion = 1;
	classes = {
	};
	objectVersion = 46;
	objects = {

/* Begin PBXBuildFile section */
		7D5397161E9D641F009F6066 /* AppDelegate.swift in Sources */ = {isa = PBXBuildFile; fileRef = 7D5397151E9D641F009F6066 /* AppDelegate.swift */; };
		7D5397181E9D641F009F6066 /* ViewController.swift in Sources */ = {isa = PBXBuildFile; fileRef = 7D5397171E9D641F009F6066 /* ViewController.swift */; };
		7D53971B1E9D641F009F6066 /* Main.storyboard in Resources */ = {isa = PBXBuildFile; fileRef = 7D5397191E9D641F009F6066 /* Main.storyboard */; };
		7D5397201E9D641F009F6066 /* LaunchScreen.storyboard in Resources */ = {isa = PBXBuildFile; fileRef = 7D53971E1E9D641F009F6066 /* LaunchScreen.storyboard */; };
		7D53972C1E9D653D009F6066 /* Person.swift in Sources */ = {isa = PBXBuildFile; fileRef = 7D53972B1E9D653D009F6066 /* Person.swift */; };
		7D53972F1E9E49A4009F6066 /* Images.xcassets in Resources */ = {isa = PBXBuildFile; fileRef = 7D53972E1E9E49A4009F6066 /* Images.xcassets */; };
		7D5397311E9E869D009F6066 /* RoundedImage.swift in Sources */ = {isa = PBXBuildFile; fileRef = 7D5397301E9E869D009F6066 /* RoundedImage.swift */; };
/* End PBXBuildFile section */

/* Begin PBXFileReference section */
		7D5397121E9D641F009F6066 /* mvc-test.app */ = {isa = PBXFileReference; explicitFileType = wrapper.application; includeInIndex = 0; path = "mvc-test.app"; sourceTree = BUILT_PRODUCTS_DIR; };
		7D5397151E9D641F009F6066 /* AppDelegate.swift */ = {isa = PBXFileReference; lastKnownFileType = sourcecode.swift; path = AppDelegate.swift; sourceTree = "<group>"; };
		7D5397171E9D641F009F6066 /* ViewController.swift */ = {isa = PBXFileReference; lastKnownFileType = sourcecode.swift; path = ViewController.swift; sourceTree = "<group>"; };
		7D53971A1E9D641F009F6066 /* Base */ = {isa = PBXFileReference; lastKnownFileType = file.storyboard; name = Base; path = Base.lproj/Main.storyboard; sourceTree = "<group>"; };
		7D53971F1E9D641F009F6066 /* Base */ = {isa = PBXFileReference; lastKnownFileType = file.storyboard; name = Base; path = Base.lproj/LaunchScreen.storyboard; sourceTree = "<group>"; };
		7D5397211E9D641F009F6066 /* Info.plist */ = {isa = PBXFileReference; lastKnownFileType = text.plist.xml; path = Info.plist; sourceTree = "<group>"; };
		7D53972B1E9D653D009F6066 /* Person.swift */ = {isa = PBXFileReference; fileEncoding = 4; lastKnownFileType = sourcecode.swift; path = Person.swift; sourceTree = "<group>"; };
		7D53972E1E9E49A4009F6066 /* Images.xcassets */ = {isa = PBXFileReference; lastKnownFileType = folder.assetcatalog; path = Images.xcassets; sourceTree = "<group>"; };
		7D5397301E9E869D009F6066 /* RoundedImage.swift */ = {isa = PBXFileReference; fileEncoding = 4; lastKnownFileType = sourcecode.swift; path = RoundedImage.swift; sourceTree = "<group>"; };
/* End PBXFileReference section */

/* Begin PBXFrameworksBuildPhase section */
		7D53970F1E9D641F009F6066 /* Frameworks */ = {
			isa = PBXFrameworksBuildPhase;
			buildActionMask = 2147483647;
			files = (
			);
			runOnlyForDeploymentPostprocessing = 0;
		};
/* End PBXFrameworksBuildPhase section */

/* Begin PBXGroup section */
		7D5397091E9D641F009F6066 = {
			isa = PBXGroup;
			children = (
				7D53972E1E9E49A4009F6066 /* Images.xcassets */,
				7D5397141E9D641F009F6066 /* mvc-test */,
				7D5397131E9D641F009F6066 /* Products */,
			);
			sourceTree = "<group>";
		};
		7D5397131E9D641F009F6066 /* Products */ = {
			isa = PBXGroup;
			children = (
				7D5397121E9D641F009F6066 /* mvc-test.app */,
			);
			name = Products;
			sourceTree = "<group>";
		};
		7D5397141E9D641F009F6066 /* mvc-test */ = {
			isa = PBXGroup;
			children = (
				7D53972A1E9D6513009F6066 /* Resources */,
				7D5397291E9D64F7009F6066 /* Controller */,
				7D5397281E9D64EE009F6066 /* Model */,
				7D5397271E9D64E1009F6066 /* View */,
				7D5397151E9D641F009F6066 /* AppDelegate.swift */,
				7D5397171E9D641F009F6066 /* ViewController.swift */,
				7D5397191E9D641F009F6066 /* Main.storyboard */,
				7D53971E1E9D641F009F6066 /* LaunchScreen.storyboard */,
				7D5397211E9D641F009F6066 /* Info.plist */,
			);
			path = "mvc-test";
			sourceTree = "<group>";
		};
		7D5397271E9D64E1009F6066 /* View */ = {
			isa = PBXGroup;
			children = (
				7D5397301E9E869D009F6066 /* RoundedImage.swift */,
			);
			name = View;
			sourceTree = "<group>";
		};
		7D5397281E9D64EE009F6066 /* Model */ = {
			isa = PBXGroup;
			children = (
				7D53972B1E9D653D009F6066 /* Person.swift */,
			);
			name = Model;
			sourceTree = "<group>";
		};
		7D5397291E9D64F7009F6066 /* Controller */ = {
			isa = PBXGroup;
			children = (
			);
			name = Controller;
			sourceTree = "<group>";
		};
		7D53972A1E9D6513009F6066 /* Resources */ = {
			isa = PBXGroup;
			children = (
			);
			name = Resources;
			sourceTree = "<group>";
		};
/* End PBXGroup section */

/* Begin PBXNativeTarget section */
		7D5397111E9D641F009F6066 /* mvc-test */ = {
			isa = PBXNativeTarget;
			buildConfigurationList = 7D5397241E9D641F009F6066 /* Build configuration list for PBXNativeTarget "mvc-test" */;
			buildPhases = (
				7D53970E1E9D641F009F6066 /* Sources */,
				7D53970F1E9D641F009F6066 /* Frameworks */,
				7D5397101E9D641F009F6066 /* Resources */,
			);
			buildRules = (
			);
			dependencies = (
			);
			name = "mvc-test";
			productName = "mvc-test";
			productReference = 7D5397121E9D641F009F6066 /* mvc-test.app */;
			productType = "com.apple.product-type.application";
		};
/* End PBXNativeTarget section */

/* Begin PBXProject section */
		7D53970A1E9D641F009F6066 /* Project object */ = {
			isa = PBXProject;
			attributes = {
				LastSwiftUpdateCheck = 0830;
				LastUpgradeCheck = 0830;
				ORGANIZATIONNAME = "Turcu Ciprian";
				TargetAttributes = {
					7D5397111E9D641F009F6066 = {
						CreatedOnToolsVersion = 8.3.1;
						DevelopmentTeam = 8KBWGV6KLM;
						ProvisioningStyle = Automatic;
					};
				};
			};
			buildConfigurationList = 7D53970D1E9D641F009F6066 /* Build configuration list for PBXProject "mvc-test" */;
			compatibilityVersion = "Xcode 3.2";
			developmentRegion = English;
			hasScannedForEncodings = 0;
			knownRegions = (
				en,
				Base,
			);
			mainGroup = 7D5397091E9D641F009F6066;
			productRefGroup = 7D5397131E9D641F009F6066 /* Products */;
			projectDirPath = "";
			projectRoot = "";
			targets = (
				7D5397111E9D641F009F6066 /* mvc-test */,
			);
		};
/* End PBXProject section */

/* Begin PBXResourcesBuildPhase section */
		7D5397101E9D641F009F6066 /* Resources */ = {
			isa = PBXResourcesBuildPhase;
			buildActionMask = 2147483647;
			files = (
				7D53972F1E9E49A4009F6066 /* Images.xcassets in Resources */,
				7D5397201E9D641F009F6066 /* LaunchScreen.storyboard in Resources */,
				7D53971B1E9D641F009F6066 /* Main.storyboard in Resources */,
			);
			runOnlyForDeploymentPostprocessing = 0;
		};
/* End PBXResourcesBuildPhase section */

/* Begin PBXSourcesBuildPhase section */
		7D53970E1E9D641F009F6066 /* Sources */ = {
			isa = PBXSourcesBuildPhase;
			buildActionMask = 2147483647;
			files = (
				7D53972C1E9D653D009F6066 /* Person.swift in Sources */,
				7D5397311E9E869D009F6066 /* RoundedImage.swift in Sources */,
				7D5397181E9D641F009F6066 /* ViewController.swift in Sources */,
				7D5397161E9D641F009F6066 /* AppDelegate.swift in Sources */,
			);
			runOnlyForDeploymentPostprocessing = 0;
		};
/* End PBXSourcesBuildPhase section */

/* Begin PBXVariantGroup section */
		7D5397191E9D641F009F6066 /* Main.storyboard */ = {
			isa = PBXVariantGroup;
			children = (
				7D53971A1E9D641F009F6066 /* Base */,
			);
			name = Main.storyboard;
			sourceTree = "<group>";
		};
		7D53971E1E9D641F009F6066 /* LaunchScreen.storyboard */ = {
			isa = PBXVariantGroup;
			children = (
				7D53971F1E9D641F009F6066 /* Base */,
			);
			name = LaunchScreen.storyboard;
			sourceTree = "<group>";
		};
/* End PBXVariantGroup section */

/* Begin XCBuildConfiguration section */
		7D5397221E9D641F009F6066 /* Debug */ = {
			isa = XCBuildConfiguration;
			buildSettings = {
				ALWAYS_SEARCH_USER_PATHS = NO;
				CLANG_ANALYZER_NONNULL = YES;
				CLANG_ANALYZER_NUMBER_OBJECT_CONVERSION = YES_AGGRESSIVE;
				CLANG_CXX_LANGUAGE_STANDARD = "gnu++0x";
				CLANG_CXX_LIBRARY = "libc++";
				CLANG_ENABLE_MODULES = YES;
				CLANG_ENABLE_OBJC_ARC = YES;
				CLANG_WARN_BOOL_CONVERSION = YES;
				CLANG_WARN_CONSTANT_CONVERSION = YES;
				CLANG_WARN_DIRECT_OBJC_ISA_USAGE = YES_ERROR;
				CLANG_WARN_DOCUMENTATION_COMMENTS = YES;
				CLANG_WARN_EMPTY_BODY = YES;
				CLANG_WARN_ENUM_CONVERSION = YES;
				CLANG_WARN_INFINITE_RECURSION = YES;
				CLANG_WARN_INT_CONVERSION = YES;
				CLANG_WARN_OBJC_ROOT_CLASS = YES_ERROR;
				CLANG_WARN_SUSPICIOUS_MOVE = YES;
				CLANG_WARN_UNREACHABLE_CODE = YES;
				CLANG_WARN__DUPLICATE_METHOD_MATCH = YES;
				"CODE_SIGN_IDENTITY[sdk=iphoneos*]" = "iPhone Developer";
				COPY_PHASE_STRIP = NO;
				DEBUG_INFORMATION_FORMAT = dwarf;
				ENABLE_STRICT_OBJC_MSGSEND = YES;
				ENABLE_TESTABILITY = YES;
				GCC_C_LANGUAGE_STANDARD = gnu99;
				GCC_DYNAMIC_NO_PIC = NO;
				GCC_NO_COMMON_BLOCKS = YES;
				GCC_OPTIMIZATION_LEVEL = 0;
				GCC_PREPROCESSOR_DEFINITIONS = (
					"DEBUG=1",
					"$(inherited)",
				);
				GCC_WARN_64_TO_32_BIT_CONVERSION = YES;
				GCC_WARN_ABOUT_RETURN_TYPE = YES_ERROR;
				GCC_WARN_UNDECLARED_SELECTOR = YES;
				GCC_WARN_UNINITIALIZED_AUTOS = YES_AGGRESSIVE;
				GCC_WARN_UNUSED_FUNCTION = YES;
				GCC_WARN_UNUSED_VARIABLE = YES;
				IPHONEOS_DEPLOYMENT_TARGET = 10.3;
				MTL_ENABLE_DEBUG_INFO = YES;
				ONLY_ACTIVE_ARCH = YES;
				SDKROOT = iphoneos;
				SWIFT_ACTIVE_COMPILATION_CONDITIONS = DEBUG;
				SWIFT_OPTIMIZATION_LEVEL = "-Onone";
				TARGETED_DEVICE_FAMILY = "1,2";
			};
			name = Debug;
		};
		7D5397231E9D641F009F6066 /* Release */ = {
			isa = XCBuildConfiguration;
			buildSettings = {
				ALWAYS_SEARCH_USER_PATHS = NO;
				CLANG_ANALYZER_NONNULL = YES;
				CLANG_ANALYZER_NUMBER_OBJECT_CONVERSION = YES_AGGRESSIVE;
				CLANG_CXX_LANGUAGE_STANDARD = "gnu++0x";
				CLANG_CXX_LIBRARY = "libc++";
				CLANG_ENABLE_MODULES = YES;
				CLANG_ENABLE_OBJC_ARC = YES;
				CLANG_WARN_BOOL_CONVERSION = YES;
				CLANG_WARN_CONSTANT_CONVERSION = YES;
				CLANG_WARN_DIRECT_OBJC_ISA_USAGE = YES_ERROR;
				CLANG_WARN_DOCUMENTATION_COMMENTS = YES;
				CLANG_WARN_EMPTY_BODY = YES;
				CLANG_WARN_ENUM_CONVERSION = YES;
				CLANG_WARN_INFINITE_RECURSION = YES;
				CLANG_WARN_INT_CONVERSION = YES;
				CLANG_WARN_OBJC_ROOT_CLASS = YES_ERROR;
				CLANG_WARN_SUSPICIOUS_MOVE = YES;
				CLANG_WARN_UNREACHABLE_CODE = YES;
				CLANG_WARN__DUPLICATE_METHOD_MATCH = YES;
				"CODE_SIGN_IDENTITY[sdk=iphoneos*]" = "iPhone Developer";
				COPY_PHASE_STRIP = NO;
				DEBUG_INFORMATION_FORMAT = "dwarf-with-dsym";
				ENABLE_NS_ASSERTIONS = NO;
				ENABLE_STRICT_OBJC_MSGSEND = YES;
				GCC_C_LANGUAGE_STANDARD = gnu99;
				GCC_NO_COMMON_BLOCKS = YES;
				GCC_WARN_64_TO_32_BIT_CONVERSION = YES;
				GCC_WARN_ABOUT_RETURN_TYPE = YES_ERROR;
				GCC_WARN_UNDECLARED_SELECTOR = YES;
				GCC_WARN_UNINITIALIZED_AUTOS = YES_AGGRESSIVE;
				GCC_WARN_UNUSED_FUNCTION = YES;
				GCC_WARN_UNUSED_VARIABLE = YES;
				IPHONEOS_DEPLOYMENT_TARGET = 10.3;
				MTL_ENABLE_DEBUG_INFO = NO;
				SDKROOT = iphoneos;
				SWIFT_OPTIMIZATION_LEVEL = "-Owholemodule";
				TARGETED_DEVICE_FAMILY = "1,2";
				VALIDATE_PRODUCT = YES;
			};
			name = Release;
		};
		7D5397251E9D641F009F6066 /* Debug */ = {
			isa = XCBuildConfiguration;
			buildSettings = {
				ASSETCATALOG_COMPILER_APPICON_NAME = AppIcon;
				DEVELOPMENT_TEAM = 8KBWGV6KLM;
				INFOPLIST_FILE = "mvc-test/Info.plist";
				LD_RUNPATH_SEARCH_PATHS = "$(inherited) @executable_path/Frameworks";
				PRODUCT_BUNDLE_IDENTIFIER = "com.teamtreehouse.mvc-test";
				PRODUCT_NAME = "$(TARGET_NAME)";
				SWIFT_VERSION = 3.0;
			};
			name = Debug;
		};
		7D5397261E9D641F009F6066 /* Release */ = {
			isa = XCBuildConfiguration;
			buildSettings = {
				ASSETCATALOG_COMPILER_APPICON_NAME = AppIcon;
				DEVELOPMENT_TEAM = 8KBWGV6KLM;
				INFOPLIST_FILE = "mvc-test/Info.plist";
				LD_RUNPATH_SEARCH_PATHS = "$(inherited) @executable_path/Frameworks";
				PRODUCT_BUNDLE_IDENTIFIER = "com.teamtreehouse.mvc-test";
				PRODUCT_NAME = "$(TARGET_NAME)";
				SWIFT_VERSION = 3.0;
			};
			name = Release;
		};
/* End XCBuildConfiguration section */

/* Begin XCConfigurationList section */
		7D53970D1E9D641F009F6066 /* Build configuration list for PBXProject "mvc-test" */ = {
			isa = XCConfigurationList;
			buildConfigurations = (
				7D5397221E9D641F009F6066 /* Debug */,
				7D5397231E9D641F009F6066 /* Release */,
			);
			defaultConfigurationIsVisible = 0;
			defaultConfigurationName = Release;
		};
		7D5397241E9D641F009F6066 /* Build configuration list for PBXNativeTarget "mvc-test" */ = {
			isa = XCConfigurationList;
			buildConfigurations = (
				7D5397251E9D641F009F6066 /* Debug */,
				7D5397261E9D641F009F6066 /* Release */,
			);
			defaultConfigurationIsVisible = 0;
		};
/* End XCConfigurationList section */
	};
	rootObject = 7D53970A1E9D641F009F6066 /* Project object */;
}
